
Microsoft Visual Studio Solution File, Format Version 12.00
# Visual Studio 15
VisualStudioVersion = 15.0.26430.14
MinimumVisualStudioVersion = 10.0.40219.1
Project("{FAE04EC0-301F-11D3-BF4B-00C04F79EFBC}") = "ConsoleEvolution", "ConsoleEvolution\ConsoleEvolution.csproj", "{852BB353-239B-425A-BDE0-2603D98273EE}"
EndProject
Project("{FAE04EC0-301F-11D3-BF4B-00C04F79EFBC}") = "Evolution", "Evolution\Evolution.csproj", "{906CEDD8-FDCF-4A5B-914C-C6B25911A1D6}"
EndProject
Project("{FAE04EC0-301F-11D3-BF4B-00C04F79EFBC}") = "EvolutionTests", "EvolutionTests\EvolutionTests.csproj", "{E3BAE391-EFFA-41C6-9264-E81E4803C19B}"
EndProject
Global
	GlobalSection(SolutionConfigurationPlatforms) = preSolution
		Debug|Any CPU = Debug|Any CPU
		Release|Any CPU = Release|Any CPU
	EndGlobalSection
	GlobalSection(ProjectConfigurationPlatforms) = postSolution
		{852BB353-239B-425A-BDE0-2603D98273EE}.Debug|Any CPU.ActiveCfg = Debug|Any CPU
		{852BB353-239B-425A-BDE0-2603D98273EE}.Debug|Any CPU.Build.0 = Debug|Any CPU
		{852BB353-239B-425A-BDE0-2603D98273EE}.Release|Any CPU.ActiveCfg = Release|Any CPU
		{852BB353-239B-425A-BDE0-2603D98273EE}.Release|Any CPU.Build.0 = Release|Any CPU
		{906CEDD8-FDCF-4A5B-914C-C6B25911A1D6}.Debug|Any CPU.ActiveCfg = Debug|Any CPU
		{906CEDD8-FDCF-4A5B-914C-C6B25911A1D6}.Debug|Any CPU.Build.0 = Debug|Any CPU
		{906CEDD8-FDCF-4A5B-914C-C6B25911A1D6}.Release|Any CPU.ActiveCfg = Release|Any CPU
		{906CEDD8-FDCF-4A5B-914C-C6B25911A1D6}.Release|Any CPU.Build.0 = Release|Any CPU
		{E3BAE391-EFFA-41C6-9264-E81E4803C19B}.Debug|Any CPU.ActiveCfg = Debug|Any CPU
		{E3BAE391-EFFA-41C6-9264-E81E4803C19B}.Debug|Any CPU.Build.0 = Debug|Any CPU
		{E3BAE391-EFFA-41C6-9264-E81E4803C19B}.Release|Any CPU.ActiveCfg = Release|Any CPU
		{E3BAE391-EFFA-41C6-9264-E81E4803C19B}.Release|Any CPU.Build.0 = Release|Any CPU
	EndGlobalSection
	GlobalSection(SolutionProperties) = preSolution
		HideSolutionNode = FALSE
	EndGlobalSection
EndGlobal
